pglast==8.4 \
    --hash=sha256:3f357cca18c406110d8e778742602255c5231ab7997921dff8ef05f1456d0dd3 \
    --hash=sha256:578591aaafb0ebb6a9916f86708a878449dc533a2bcc43ab4cca77390f33f12d \
    --hash=sha256:4c1fb6be1270b50cb6f70f13395a8da44849f002da07b1a08268faec2361d2f7 \
    --hash=sha256:ebc804351aab9c1bac395611758883cd17d4198f4704224bb6f9f1dd1f3c513d
